
Microsoft Visual Studio Solution File, Format Version 12.00
# Visual Studio Version 17
VisualStudioVersion = 17.2.32505.173
MinimumVisualStudioVersion = 10.0.40219.1
Project("{FAE04EC0-301F-11D3-BF4B-00C04F79EFBC}") = "Projetotestesexta", "Projetotestesexta\Projetotestesexta.csproj", "{89373C0D-1F15-4858-A940-A97CC9D69D01}"
EndProject
Global
	GlobalSection(SolutionConfigurationPlatforms) = preSolution
		Debug|Any CPU = Debug|Any CPU
		Release|Any CPU = Release|Any CPU
	EndGlobalSection
	GlobalSection(ProjectConfigurationPlatforms) = postSolution
		{89373C0D-1F15-4858-A940-A97CC9D69D01}.Debug|Any CPU.ActiveCfg = Debug|Any CPU
		{89373C0D-1F15-4858-A940-A97CC9D69D01}.Debug|Any CPU.Build.0 = Debug|Any CPU
		{89373C0D-1F15-4858-A940-A97CC9D69D01}.Release|Any CPU.ActiveCfg = Release|Any CPU
		{89373C0D-1F15-4858-A940-A97CC9D69D01}.Release|Any CPU.Build.0 = Release|Any CPU
	EndGlobalSection
	GlobalSection(SolutionProperties) = preSolution
		HideSolutionNode = FALSE
	EndGlobalSection
	GlobalSection(ExtensibilityGlobals) = postSolution
		SolutionGuid = {52DDBCC0-2EE2-4244-B2B9-DCA638FF06DE}
	EndGlobalSection
EndGlobal
